
Microsoft Visual Studio Solution File, Format Version 12.00
# Visual Studio Version 17
VisualStudioVersion = 17.3.32929.385
MinimumVisualStudioVersion = 10.0.40219.1
Project("{FAE04EC0-301F-11D3-BF4B-00C04F79EFBC}") = "GymSimulation", "GymSimulation\GymSimulation.csproj", "{D2AB4633-F701-4C6E-BE3F-DABE836E0F1F}"
EndProject
Global
	GlobalSection(SolutionConfigurationPlatforms) = preSolution
		Debug|Any CPU = Debug|Any CPU
		Debug|x64 = Debug|x64
		Release|Any CPU = Release|Any CPU
		Release|x64 = Release|x64
	EndGlobalSection
	GlobalSection(ProjectConfigurationPlatforms) = postSolution
		{D2AB4633-F701-4C6E-BE3F-DABE836E0F1F}.Debug|Any CPU.ActiveCfg = Release|Any CPU
		{D2AB4633-F701-4C6E-BE3F-DABE836E0F1F}.Debug|Any CPU.Build.0 = Release|Any CPU
		{D2AB4633-F701-4C6E-BE3F-DABE836E0F1F}.Debug|x64.ActiveCfg = Debug|x64
		{D2AB4633-F701-4C6E-BE3F-DABE836E0F1F}.Debug|x64.Build.0 = Debug|x64
		{D2AB4633-F701-4C6E-BE3F-DABE836E0F1F}.Release|Any CPU.ActiveCfg = Release|Any CPU
		{D2AB4633-F701-4C6E-BE3F-DABE836E0F1F}.Release|Any CPU.Build.0 = Release|Any CPU
		{D2AB4633-F701-4C6E-BE3F-DABE836E0F1F}.Release|x64.ActiveCfg = Release|x64
		{D2AB4633-F701-4C6E-BE3F-DABE836E0F1F}.Release|x64.Build.0 = Release|x64
	EndGlobalSection
	GlobalSection(SolutionProperties) = preSolution
		HideSolutionNode = FALSE
	EndGlobalSection
	GlobalSection(ExtensibilityGlobals) = postSolution
		SolutionGuid = {B6A19A90-8F24-45B8-BD89-0EF7F3DB03DF}
	EndGlobalSection
EndGlobal
